
Microsoft Visual Studio Solution File, Format Version 12.00
# Visual Studio 15
VisualStudioVersion = 15.0.28307.271
MinimumVisualStudioVersion = 10.0.40219.1
Project("{FAE04EC0-301F-11D3-BF4B-00C04F79EFBC}") = "live.travel.solution", "live.travel.solution\live.travel.solution.csproj", "{45900245-5020-4BE5-831A-B6B01735C491}"
EndProject
Global
	GlobalSection(SolutionConfigurationPlatforms) = preSolution
		Debug|Any CPU = Debug|Any CPU
		Release|Any CPU = Release|Any CPU
	EndGlobalSection
	GlobalSection(ProjectConfigurationPlatforms) = postSolution
		{45900245-5020-4BE5-831A-B6B01735C491}.Debug|Any CPU.ActiveCfg = Debug|Any CPU
		{45900245-5020-4BE5-831A-B6B01735C491}.Debug|Any CPU.Build.0 = Debug|Any CPU
		{45900245-5020-4BE5-831A-B6B01735C491}.Release|Any CPU.ActiveCfg = Release|Any CPU
		{45900245-5020-4BE5-831A-B6B01735C491}.Release|Any CPU.Build.0 = Release|Any CPU
	EndGlobalSection
	GlobalSection(SolutionProperties) = preSolution
		HideSolutionNode = FALSE
	EndGlobalSection
	GlobalSection(ExtensibilityGlobals) = postSolution
		SolutionGuid = {45618D67-00ED-4511-B54F-FC14C19BF794}
	EndGlobalSection
EndGlobal
